
Microsoft Visual Studio Solution File, Format Version 12.00
# Visual Studio Version 17
VisualStudioVersion = 17.1.32421.90
MinimumVisualStudioVersion = 10.0.40219.1
Project("{FAE04EC0-301F-11D3-BF4B-00C04F79EFBC}") = "IT1050 - Final", "IT1050 - Final\IT1050 - Final.csproj", "{2643208B-4553-4397-B801-E939205B926E}"
EndProject
Global
	GlobalSection(SolutionConfigurationPlatforms) = preSolution
		Debug|Any CPU = Debug|Any CPU
		Release|Any CPU = Release|Any CPU
	EndGlobalSection
	GlobalSection(ProjectConfigurationPlatforms) = postSolution
		{2643208B-4553-4397-B801-E939205B926E}.Debug|Any CPU.ActiveCfg = Debug|Any CPU
		{2643208B-4553-4397-B801-E939205B926E}.Debug|Any CPU.Build.0 = Debug|Any CPU
		{2643208B-4553-4397-B801-E939205B926E}.Release|Any CPU.ActiveCfg = Release|Any CPU
		{2643208B-4553-4397-B801-E939205B926E}.Release|Any CPU.Build.0 = Release|Any CPU
	EndGlobalSection
	GlobalSection(SolutionProperties) = preSolution
		HideSolutionNode = FALSE
	EndGlobalSection
	GlobalSection(ExtensibilityGlobals) = postSolution
		SolutionGuid = {C43C1CAB-1188-435A-AE4D-E52A56033DA6}
	EndGlobalSection
EndGlobal
